// !$*UTF8*$!
{
	archiveVersion = 1;
	classes = {
	};
	objectVersion = 55;
	objects = {

/* Begin PBXBuildFile section */
		98699A162869B1B7002CB529 /* Tests_iOS.swift in Sources */ = {isa = PBXBuildFile; fileRef = 98699A152869B1B7002CB529 /* Tests_iOS.swift */; };
		98699A182869B1B7002CB529 /* Tests_iOSLaunchTests.swift in Sources */ = {isa = PBXBuildFile; fileRef = 98699A172869B1B7002CB529 /* Tests_iOSLaunchTests.swift */; };
		98699A222869B1B7002CB529 /* Tests_macOS.swift in Sources */ = {isa = PBXBuildFile; fileRef = 98699A212869B1B7002CB529 /* Tests_macOS.swift */; };
		98699A242869B1B7002CB529 /* Tests_macOSLaunchTests.swift in Sources */ = {isa = PBXBuildFile; fileRef = 98699A232869B1B7002CB529 /* Tests_macOSLaunchTests.swift */; };
		98699A252869B1B7002CB529 /* TurtleRockApp.swift in Sources */ = {isa = PBXBuildFile; fileRef = 986999FD2869B1B7002CB529 /* TurtleRockApp.swift */; };
		98699A262869B1B7002CB529 /* TurtleRockApp.swift in Sources */ = {isa = PBXBuildFile; fileRef = 986999FD2869B1B7002CB529 /* TurtleRockApp.swift */; };
		98699A272869B1B7002CB529 /* ContentView.swift in Sources */ = {isa = PBXBuildFile; fileRef = 986999FE2869B1B7002CB529 /* ContentView.swift */; };
		98699A282869B1B7002CB529 /* ContentView.swift in Sources */ = {isa = PBXBuildFile; fileRef = 986999FE2869B1B7002CB529 /* ContentView.swift */; };
		98699A292869B1B7002CB529 /* Assets.xcassets in Resources */ = {isa = PBXBuildFile; fileRef = 986999FF2869B1B7002CB529 /* Assets.xcassets */; };
		98699A2A2869B1B7002CB529 /* Assets.xcassets in Resources */ = {isa = PBXBuildFile; fileRef = 986999FF2869B1B7002CB529 /* Assets.xcassets */; };
		98699A3A2869B7C9002CB529 /* CircleImage.swift in Sources */ = {isa = PBXBuildFile; fileRef = 98699A392869B7C9002CB529 /* CircleImage.swift */; };
		98699A3B2869B7CA002CB529 /* CircleImage.swift in Sources */ = {isa = PBXBuildFile; fileRef = 98699A392869B7C9002CB529 /* CircleImage.swift */; };
		98699A3D2869B882002CB529 /* MapView.swift in Sources */ = {isa = PBXBuildFile; fileRef = 98699A3C2869B882002CB529 /* MapView.swift */; };
		98699A3E2869B882002CB529 /* MapView.swift in Sources */ = {isa = PBXBuildFile; fileRef = 98699A3C2869B882002CB529 /* MapView.swift */; };
		987594DB2869C1EA00CEBD6F /* LandmarkRow.swift in Sources */ = {isa = PBXBuildFile; fileRef = 987594DA2869C1EA00CEBD6F /* LandmarkRow.swift */; };
		987594DC2869C1EA00CEBD6F /* LandmarkRow.swift in Sources */ = {isa = PBXBuildFile; fileRef = 987594DA2869C1EA00CEBD6F /* LandmarkRow.swift */; };
		987594DE2869C39F00CEBD6F /* LandmarkList.swift in Sources */ = {isa = PBXBuildFile; fileRef = 987594DD2869C39F00CEBD6F /* LandmarkList.swift */; };
		987594DF2869C39F00CEBD6F /* LandmarkList.swift in Sources */ = {isa = PBXBuildFile; fileRef = 987594DD2869C39F00CEBD6F /* LandmarkList.swift */; };
		987594E12869C4C500CEBD6F /* LandmarkDetail.swift in Sources */ = {isa = PBXBuildFile; fileRef = 987594E02869C4C500CEBD6F /* LandmarkDetail.swift */; };
		987594E22869C4C500CEBD6F /* LandmarkDetail.swift in Sources */ = {isa = PBXBuildFile; fileRef = 987594E02869C4C500CEBD6F /* LandmarkDetail.swift */; };
		98804730286A62C8009B9ECD /* ProfileEditor.swift in Sources */ = {isa = PBXBuildFile; fileRef = 9880472F286A62C8009B9ECD /* ProfileEditor.swift */; };
		98804731286A62C8009B9ECD /* ProfileEditor.swift in Sources */ = {isa = PBXBuildFile; fileRef = 9880472F286A62C8009B9ECD /* ProfileEditor.swift */; };
		9893C8442869BC31006D2456 /* landmarkData.json in Resources */ = {isa = PBXBuildFile; fileRef = 9893C8432869BC31006D2456 /* landmarkData.json */; };
		9893C8452869BC31006D2456 /* landmarkData.json in Resources */ = {isa = PBXBuildFile; fileRef = 9893C8432869BC31006D2456 /* landmarkData.json */; };
		9893C8472869BC56006D2456 /* Landmark.swift in Sources */ = {isa = PBXBuildFile; fileRef = 9893C8462869BC56006D2456 /* Landmark.swift */; };
		9893C8482869BC56006D2456 /* Landmark.swift in Sources */ = {isa = PBXBuildFile; fileRef = 9893C8462869BC56006D2456 /* Landmark.swift */; };
		9893C84A2869BE13006D2456 /* ModelData.swift in Sources */ = {isa = PBXBuildFile; fileRef = 9893C8492869BE13006D2456 /* ModelData.swift */; };
		9893C84B2869BE13006D2456 /* ModelData.swift in Sources */ = {isa = PBXBuildFile; fileRef = 9893C8492869BE13006D2456 /* ModelData.swift */; };
		98A608DA2869E65400826AF8 /* Badge.swift in Sources */ = {isa = PBXBuildFile; fileRef = 98A608D92869E65400826AF8 /* Badge.swift */; };
		98A608DB2869E65400826AF8 /* Badge.swift in Sources */ = {isa = PBXBuildFile; fileRef = 98A608D92869E65400826AF8 /* Badge.swift */; };
		98A7B94D2869D14800C80569 /* FavoriteButton.swift in Sources */ = {isa = PBXBuildFile; fileRef = 98A7B94C2869D14800C80569 /* FavoriteButton.swift */; };
		98A7B94E2869D14800C80569 /* FavoriteButton.swift in Sources */ = {isa = PBXBuildFile; fileRef = 98A7B94C2869D14800C80569 /* FavoriteButton.swift */; };
		98A7B9552869D50600C80569 /* HexagonParameters.swift in Sources */ = {isa = PBXBuildFile; fileRef = 98A7B9542869D50600C80569 /* HexagonParameters.swift */; };
		98A7B9562869D50600C80569 /* HexagonParameters.swift in Sources */ = {isa = PBXBuildFile; fileRef = 98A7B9542869D50600C80569 /* HexagonParameters.swift */; };
		98A7B9582869D5C600C80569 /* BadgeBackground.swift in Sources */ = {isa = PBXBuildFile; fileRef = 98A7B9572869D5C600C80569 /* BadgeBackground.swift */; };
		98A7B9592869D5C600C80569 /* BadgeBackground.swift in Sources */ = {isa = PBXBuildFile; fileRef = 98A7B9572869D5C600C80569 /* BadgeBackground.swift */; };
		98C47A8D2869EBFC00D99283 /* hikeData.json in Resources */ = {isa = PBXBuildFile; fileRef = 98C47A8C2869EBFC00D99283 /* hikeData.json */; };
		98C47A8E2869EBFC00D99283 /* hikeData.json in Resources */ = {isa = PBXBuildFile; fileRef = 98C47A8C2869EBFC00D99283 /* hikeData.json */; };
		98C47A902869EC2300D99283 /* Hike.swift in Sources */ = {isa = PBXBuildFile; fileRef = 98C47A8F2869EC2300D99283 /* Hike.swift */; };
		98C47A912869EC2300D99283 /* Hike.swift in Sources */ = {isa = PBXBuildFile; fileRef = 98C47A8F2869EC2300D99283 /* Hike.swift */; };
		98C47A9A2869ED3200D99283 /* GraphCapsule.swift in Sources */ = {isa = PBXBuildFile; fileRef = 98C47A962869ED3200D99283 /* GraphCapsule.swift */; };
		98C47A9B2869ED3200D99283 /* GraphCapsule.swift in Sources */ = {isa = PBXBuildFile; fileRef = 98C47A962869ED3200D99283 /* GraphCapsule.swift */; };
		98C47A9C2869ED3200D99283 /* HikeGraph.swift in Sources */ = {isa = PBXBuildFile; fileRef = 98C47A972869ED3200D99283 /* HikeGraph.swift */; };
		98C47A9D2869ED3200D99283 /* HikeGraph.swift in Sources */ = {isa = PBXBuildFile; fileRef = 98C47A972869ED3200D99283 /* HikeGraph.swift */; };
		98C47A9E2869ED3200D99283 /* HikeDetail.swift in Sources */ = {isa = PBXBuildFile; fileRef = 98C47A982869ED3200D99283 /* HikeDetail.swift */; };
		98C47A9F2869ED3200D99283 /* HikeDetail.swift in Sources */ = {isa = PBXBuildFile; fileRef = 98C47A982869ED3200D99283 /* HikeDetail.swift */; };
		98C47AA02869ED3200D99283 /* HikeView.swift in Sources */ = {isa = PBXBuildFile; fileRef = 98C47A992869ED3200D99283 /* HikeView.swift */; };
		98C47AA12869ED3200D99283 /* HikeView.swift in Sources */ = {isa = PBXBuildFile; fileRef = 98C47A992869ED3200D99283 /* HikeView.swift */; };
		98E8A7F92869E50A00ED8E8C /* BadgeSymbol.swift in Sources */ = {isa = PBXBuildFile; fileRef = 98E8A7F82869E50A00ED8E8C /* BadgeSymbol.swift */; };
		98E8A7FA2869E50A00ED8E8C /* BadgeSymbol.swift in Sources */ = {isa = PBXBuildFile; fileRef = 98E8A7F82869E50A00ED8E8C /* BadgeSymbol.swift */; };
		98E8A7FC2869E5C800ED8E8C /* RotatedBadgeSymbol.swift in Sources */ = {isa = PBXBuildFile; fileRef = 98E8A7FB2869E5C800ED8E8C /* RotatedBadgeSymbol.swift */; };
		98E8A7FD2869E5C800ED8E8C /* RotatedBadgeSymbol.swift in Sources */ = {isa = PBXBuildFile; fileRef = 98E8A7FB2869E5C800ED8E8C /* RotatedBadgeSymbol.swift */; };
		98F7EC55286A548A009DDACE /* CategoryHome.swift in Sources */ = {isa = PBXBuildFile; fileRef = 98F7EC54286A548A009DDACE /* CategoryHome.swift */; };
		98F7EC56286A548A009DDACE /* CategoryHome.swift in Sources */ = {isa = PBXBuildFile; fileRef = 98F7EC54286A548A009DDACE /* CategoryHome.swift */; };
		98F7EC58286A5673009DDACE /* CategoryRow.swift in Sources */ = {isa = PBXBuildFile; fileRef = 98F7EC57286A5673009DDACE /* CategoryRow.swift */; };
		98F7EC59286A5673009DDACE /* CategoryRow.swift in Sources */ = {isa = PBXBuildFile; fileRef = 98F7EC57286A5673009DDACE /* CategoryRow.swift */; };
		98F7EC5B286A57C0009DDACE /* CategoryItem.swift in Sources */ = {isa = PBXBuildFile; fileRef = 98F7EC5A286A57C0009DDACE /* CategoryItem.swift */; };
		98F7EC5C286A57C0009DDACE /* CategoryItem.swift in Sources */ = {isa = PBXBuildFile; fileRef = 98F7EC5A286A57C0009DDACE /* CategoryItem.swift */; };
		98F7EC5E286A5B66009DDACE /* Profile.swift in Sources */ = {isa = PBXBuildFile; fileRef = 98F7EC5D286A5B66009DDACE /* Profile.swift */; };
		98F7EC5F286A5B66009DDACE /* Profile.swift in Sources */ = {isa = PBXBuildFile; fileRef = 98F7EC5D286A5B66009DDACE /* Profile.swift */; };
		98F7EC62286A5C8A009DDACE /* ProfileHost.swift in Sources */ = {isa = PBXBuildFile; fileRef = 98F7EC61286A5C8A009DDACE /* ProfileHost.swift */; };
		98F7EC63286A5C8A009DDACE /* ProfileHost.swift in Sources */ = {isa = PBXBuildFile; fileRef = 98F7EC61286A5C8A009DDACE /* ProfileHost.swift */; };
		98F7EC65286A5CD7009DDACE /* ProfileSummary.swift in Sources */ = {isa = PBXBuildFile; fileRef = 98F7EC64286A5CD7009DDACE /* ProfileSummary.swift */; };
		98F7EC66286A5CD7009DDACE /* ProfileSummary.swift in Sources */ = {isa = PBXBuildFile; fileRef = 98F7EC64286A5CD7009DDACE /* ProfileSummary.swift */; };
		98F7EC68286A5E26009DDACE /* HikesBadge.swift in Sources */ = {isa = PBXBuildFile; fileRef = 98F7EC67286A5E26009DDACE /* HikesBadge.swift */; };
		98F7EC69286A5E27009DDACE /* HikesBadge.swift in Sources */ = {isa = PBXBuildFile; fileRef = 98F7EC67286A5E26009DDACE /* HikesBadge.swift */; };
/* End PBXBuildFile section */

/* Begin PBXContainerItemProxy section */
		98699A122869B1B7002CB529 /* PBXContainerItemProxy */ = {
			isa = PBXContainerItemProxy;
			containerPortal = 986999F82869B1B7002CB529 /* Project object */;
			proxyType = 1;
			remoteGlobalIDString = 98699A032869B1B7002CB529;
			remoteInfo = "TurtleRock (iOS)";
		};
		98699A1E2869B1B7002CB529 /* PBXContainerItemProxy */ = {
			isa = PBXContainerItemProxy;
			containerPortal = 986999F82869B1B7002CB529 /* Project object */;
			proxyType = 1;
			remoteGlobalIDString = 98699A092869B1B7002CB529;
			remoteInfo = "TurtleRock (macOS)";
		};
/* End PBXContainerItemProxy section */

/* Begin PBXFileReference section */
		986999FD2869B1B7002CB529 /* TurtleRockApp.swift */ = {isa = PBXFileReference; lastKnownFileType = sourcecode.swift; path = TurtleRockApp.swift; sourceTree = "<group>"; };
		986999FE2869B1B7002CB529 /* ContentView.swift */ = {isa = PBXFileReference; lastKnownFileType = sourcecode.swift; path = ContentView.swift; sourceTree = "<group>"; };
		986999FF2869B1B7002CB529 /* Assets.xcassets */ = {isa = PBXFileReference; lastKnownFileType = folder.assetcatalog; path = Assets.xcassets; sourceTree = "<group>"; };
		98699A042869B1B7002CB529 /* TurtleRock.app */ = {isa = PBXFileReference; explicitFileType = wrapper.application; includeInIndex = 0; path = TurtleRock.app; sourceTree = BUILT_PRODUCTS_DIR; };
		98699A0A2869B1B7002CB529 /* TurtleRock.app */ = {isa = PBXFileReference; explicitFileType = wrapper.application; includeInIndex = 0; path = TurtleRock.app; sourceTree = BUILT_PRODUCTS_DIR; };
		98699A0C2869B1B7002CB529 /* macOS.entitlements */ = {isa = PBXFileReference; lastKnownFileType = text.plist.entitlements; path = macOS.entitlements; sourceTree = "<group>"; };
		98699A112869B1B7002CB529 /* Tests iOS.xctest */ = {isa = PBXFileReference; explicitFileType = wrapper.cfbundle; includeInIndex = 0; path = "Tests iOS.xctest"; sourceTree = BUILT_PRODUCTS_DIR; };
		98699A152869B1B7002CB529 /* Tests_iOS.swift */ = {isa = PBXFileReference; lastKnownFileType = sourcecode.swift; path = Tests_iOS.swift; sourceTree = "<group>"; };
		98699A172869B1B7002CB529 /* Tests_iOSLaunchTests.swift */ = {isa = PBXFileReference; lastKnownFileType = sourcecode.swift; path = Tests_iOSLaunchTests.swift; sourceTree = "<group>"; };
		98699A1D2869B1B7002CB529 /* Tests macOS.xctest */ = {isa = PBXFileReference; explicitFileType = wrapper.cfbundle; includeInIndex = 0; path = "Tests macOS.xctest"; sourceTree = BUILT_PRODUCTS_DIR; };
		98699A212869B1B7002CB529 /* Tests_macOS.swift */ = {isa = PBXFileReference; lastKnownFileType = sourcecode.swift; path = Tests_macOS.swift; sourceTree = "<group>"; };
		98699A232869B1B7002CB529 /* Tests_macOSLaunchTests.swift */ = {isa = PBXFileReference; lastKnownFileType = sourcecode.swift; path = Tests_macOSLaunchTests.swift; sourceTree = "<group>"; };
		98699A392869B7C9002CB529 /* CircleImage.swift */ = {isa = PBXFileReference; lastKnownFileType = sourcecode.swift; path = CircleImage.swift; sourceTree = "<group>"; };
		98699A3C2869B882002CB529 /* MapView.swift */ = {isa = PBXFileReference; lastKnownFileType = sourcecode.swift; path = MapView.swift; sourceTree = "<group>"; };
		987594DA2869C1EA00CEBD6F /* LandmarkRow.swift */ = {isa = PBXFileReference; lastKnownFileType = sourcecode.swift; path = LandmarkRow.swift; sourceTree = "<group>"; };
		987594DD2869C39F00CEBD6F /* LandmarkList.swift */ = {isa = PBXFileReference; lastKnownFileType = sourcecode.swift; path = LandmarkList.swift; sourceTree = "<group>"; };
		987594E02869C4C500CEBD6F /* LandmarkDetail.swift */ = {isa = PBXFileReference; lastKnownFileType = sourcecode.swift; path = LandmarkDetail.swift; sourceTree = "<group>"; };
		9880472F286A62C8009B9ECD /* ProfileEditor.swift */ = {isa = PBXFileReference; lastKnownFileType = sourcecode.swift; path = ProfileEditor.swift; sourceTree = "<group>"; };
		9893C8432869BC31006D2456 /* landmarkData.json */ = {isa = PBXFileReference; fileEncoding = 4; lastKnownFileType = text.json; path = landmarkData.json; sourceTree = "<group>"; };
		9893C8462869BC56006D2456 /* Landmark.swift */ = {isa = PBXFileReference; lastKnownFileType = sourcecode.swift; path = Landmark.swift; sourceTree = "<group>"; };
		9893C8492869BE13006D2456 /* ModelData.swift */ = {isa = PBXFileReference; lastKnownFileType = sourcecode.swift; path = ModelData.swift; sourceTree = "<group>"; };
		98A608D92869E65400826AF8 /* Badge.swift */ = {isa = PBXFileReference; lastKnownFileType = sourcecode.swift; path = Badge.swift; sourceTree = "<group>"; };
		98A7B94C2869D14800C80569 /* FavoriteButton.swift */ = {isa = PBXFileReference; lastKnownFileType = sourcecode.swift; path = FavoriteButton.swift; sourceTree = "<group>"; };
		98A7B9542869D50600C80569 /* HexagonParameters.swift */ = {isa = PBXFileReference; lastKnownFileType = sourcecode.swift; path = HexagonParameters.swift; sourceTree = "<group>"; };
		98A7B9572869D5C600C80569 /* BadgeBackground.swift */ = {isa = PBXFileReference; lastKnownFileType = sourcecode.swift; path = BadgeBackground.swift; sourceTree = "<group>"; };
		98C47A8C2869EBFC00D99283 /* hikeData.json */ = {isa = PBXFileReference; fileEncoding = 4; lastKnownFileType = text.json; path = hikeData.json; sourceTree = "<group>"; };
		98C47A8F2869EC2300D99283 /* Hike.swift */ = {isa = PBXFileReference; lastKnownFileType = sourcecode.swift; path = Hike.swift; sourceTree = "<group>"; };
		98C47A962869ED3200D99283 /* GraphCapsule.swift */ = {isa = PBXFileReference; fileEncoding = 4; lastKnownFileType = sourcecode.swift; path = GraphCapsule.swift; sourceTree = "<group>"; };
		98C47A972869ED3200D99283 /* HikeGraph.swift */ = {isa = PBXFileReference; fileEncoding = 4; lastKnownFileType = sourcecode.swift; path = HikeGraph.swift; sourceTree = "<group>"; };
		98C47A982869ED3200D99283 /* HikeDetail.swift */ = {isa = PBXFileReference; fileEncoding = 4; lastKnownFileType = sourcecode.swift; path = HikeDetail.swift; sourceTree = "<group>"; };
		98C47A992869ED3200D99283 /* HikeView.swift */ = {isa = PBXFileReference; fileEncoding = 4; lastKnownFileType = sourcecode.swift; path = HikeView.swift; sourceTree = "<group>"; };
		98E8A7F82869E50A00ED8E8C /* BadgeSymbol.swift */ = {isa = PBXFileReference; lastKnownFileType = sourcecode.swift; path = BadgeSymbol.swift; sourceTree = "<group>"; };
		98E8A7FB2869E5C800ED8E8C /* RotatedBadgeSymbol.swift */ = {isa = PBXFileReference; lastKnownFileType = sourcecode.swift; path = RotatedBadgeSymbol.swift; sourceTree = "<group>"; };
		98F7EC54286A548A009DDACE /* CategoryHome.swift */ = {isa = PBXFileReference; lastKnownFileType = sourcecode.swift; path = CategoryHome.swift; sourceTree = "<group>"; };
		98F7EC57286A5673009DDACE /* CategoryRow.swift */ = {isa = PBXFileReference; lastKnownFileType = sourcecode.swift; path = CategoryRow.swift; sourceTree = "<group>"; };
		98F7EC5A286A57C0009DDACE /* CategoryItem.swift */ = {isa = PBXFileReference; lastKnownFileType = sourcecode.swift; path = CategoryItem.swift; sourceTree = "<group>"; };
		98F7EC5D286A5B66009DDACE /* Profile.swift */ = {isa = PBXFileReference; lastKnownFileType = sourcecode.swift; path = Profile.swift; sourceTree = "<group>"; };
		98F7EC61286A5C8A009DDACE /* ProfileHost.swift */ = {isa = PBXFileReference; lastKnownFileType = sourcecode.swift; path = ProfileHost.swift; sourceTree = "<group>"; };
		98F7EC64286A5CD7009DDACE /* ProfileSummary.swift */ = {isa = PBXFileReference; lastKnownFileType = sourcecode.swift; path = ProfileSummary.swift; sourceTree = "<group>"; };
		98F7EC67286A5E26009DDACE /* HikesBadge.swift */ = {isa = PBXFileReference; lastKnownFileType = sourcecode.swift; path = HikesBadge.swift; sourceTree = "<group>"; };
/* End PBXFileReference section */

/* Begin PBXFrameworksBuildPhase section */
		98699A012869B1B7002CB529 /* Frameworks */ = {
			isa = PBXFrameworksBuildPhase;
			buildActionMask = 2147483647;
			files = (
			);
			runOnlyForDeploymentPostprocessing = 0;
		};
		98699A072869B1B7002CB529 /* Frameworks */ = {
			isa = PBXFrameworksBuildPhase;
			buildActionMask = 2147483647;
			files = (
			);
			runOnlyForDeploymentPostprocessing = 0;
		};
		98699A0E2869B1B7002CB529 /* Frameworks */ = {
			isa = PBXFrameworksBuildPhase;
			buildActionMask = 2147483647;
			files = (
			);
			runOnlyForDeploymentPostprocessing = 0;
		};
		98699A1A2869B1B7002CB529 /* Frameworks */ = {
			isa = PBXFrameworksBuildPhase;
			buildActionMask = 2147483647;
			files = (
			);
			runOnlyForDeploymentPostprocessing = 0;
		};
/* End PBXFrameworksBuildPhase section */

/* Begin PBXGroup section */
		986999F72869B1B7002CB529 = {
			isa = PBXGroup;
			children = (
				98699A0B2869B1B7002CB529 /* macOS */,
				98699A052869B1B7002CB529 /* Products */,
				986999FC2869B1B7002CB529 /* Shared */,
				98699A142869B1B7002CB529 /* Tests iOS */,
				98699A202869B1B7002CB529 /* Tests macOS */,
			);
			sourceTree = "<group>";
		};
		986999FC2869B1B7002CB529 /* Shared */ = {
			isa = PBXGroup;
			children = (
				986999FD2869B1B7002CB529 /* TurtleRockApp.swift */,
				986999FF2869B1B7002CB529 /* Assets.xcassets */,
				987594D82869C11500CEBD6F /* Model */,
				987594D62869C0AC00CEBD6F /* Resources */,
				987594D92869C12D00CEBD6F /* Views */,
			);
			path = Shared;
			sourceTree = "<group>";
		};
		98699A052869B1B7002CB529 /* Products */ = {
			isa = PBXGroup;
			children = (
				98699A042869B1B7002CB529 /* TurtleRock.app */,
				98699A0A2869B1B7002CB529 /* TurtleRock.app */,
				98699A112869B1B7002CB529 /* Tests iOS.xctest */,
				98699A1D2869B1B7002CB529 /* Tests macOS.xctest */,
			);
			name = Products;
			sourceTree = "<group>";
		};
		98699A0B2869B1B7002CB529 /* macOS */ = {
			isa = PBXGroup;
			children = (
				98699A0C2869B1B7002CB529 /* macOS.entitlements */,
			);
			path = macOS;
			sourceTree = "<group>";
		};
		98699A142869B1B7002CB529 /* Tests iOS */ = {
			isa = PBXGroup;
			children = (
				98699A152869B1B7002CB529 /* Tests_iOS.swift */,
				98699A172869B1B7002CB529 /* Tests_iOSLaunchTests.swift */,
			);
			path = "Tests iOS";
			sourceTree = "<group>";
		};
		98699A202869B1B7002CB529 /* Tests macOS */ = {
			isa = PBXGroup;
			children = (
				98699A212869B1B7002CB529 /* Tests_macOS.swift */,
				98699A232869B1B7002CB529 /* Tests_macOSLaunchTests.swift */,
			);
			path = "Tests macOS";
			sourceTree = "<group>";
		};
		987594D62869C0AC00CEBD6F /* Resources */ = {
			isa = PBXGroup;
			children = (
				98C47A8C2869EBFC00D99283 /* hikeData.json */,
				9893C8432869BC31006D2456 /* landmarkData.json */,
			);
			path = Resources;
			sourceTree = "<group>";
		};
		987594D82869C11500CEBD6F /* Model */ = {
			isa = PBXGroup;
			children = (
				9893C8462869BC56006D2456 /* Landmark.swift */,
				9893C8492869BE13006D2456 /* ModelData.swift */,
				98C47A8F2869EC2300D99283 /* Hike.swift */,
				98F7EC5D286A5B66009DDACE /* Profile.swift */,
			);
			path = Model;
			sourceTree = "<group>";
		};
		987594D92869C12D00CEBD6F /* Views */ = {
			isa = PBXGroup;
			children = (
				98C47A952869ED3200D99283 /* Hikes */,
				98A7B9502869D1F400C80569 /* Helpers */,
				986999FE2869B1B7002CB529 /* ContentView.swift */,
				98A7B94F2869D1DB00C80569 /* Landmarks */,
				98A608DC2869E71100826AF8 /* Badges */,
				98F7EC60286A5C6C009DDACE /* Categories */,
				98F7EC6A286A605C009DDACE /* Profiles */,
			);
			path = Views;
			sourceTree = "<group>";
		};
		98A608DC2869E71100826AF8 /* Badges */ = {
			isa = PBXGroup;
			children = (
				98A7B9542869D50600C80569 /* HexagonParameters.swift */,
				98A7B9572869D5C600C80569 /* BadgeBackground.swift */,
				98E8A7F82869E50A00ED8E8C /* BadgeSymbol.swift */,
				98E8A7FB2869E5C800ED8E8C /* RotatedBadgeSymbol.swift */,
				98A608D92869E65400826AF8 /* Badge.swift */,
			);
			path = Badges;
			sourceTree = "<group>";
		};
		98A7B94F2869D1DB00C80569 /* Landmarks */ = {
			isa = PBXGroup;
			children = (
				987594DA2869C1EA00CEBD6F /* LandmarkRow.swift */,
				987594DD2869C39F00CEBD6F /* LandmarkList.swift */,
				987594E02869C4C500CEBD6F /* LandmarkDetail.swift */,
			);
			path = Landmarks;
			sourceTree = "<group>";
		};
		98A7B9502869D1F400C80569 /* Helpers */ = {
			isa = PBXGroup;
			children = (
				98699A392869B7C9002CB529 /* CircleImage.swift */,
				98699A3C2869B882002CB529 /* MapView.swift */,
				98A7B94C2869D14800C80569 /* FavoriteButton.swift */,
			);
			path = Helpers;
			sourceTree = "<group>";
		};
		98C47A952869ED3200D99283 /* Hikes */ = {
			isa = PBXGroup;
			children = (
				98C47A962869ED3200D99283 /* GraphCapsule.swift */,
				98C47A972869ED3200D99283 /* HikeGraph.swift */,
				98C47A982869ED3200D99283 /* HikeDetail.swift */,
				98C47A992869ED3200D99283 /* HikeView.swift */,
				98F7EC67286A5E26009DDACE /* HikesBadge.swift */,
			);
			path = Hikes;
			sourceTree = "<group>";
		};
		98F7EC60286A5C6C009DDACE /* Categories */ = {
			isa = PBXGroup;
			children = (
				98F7EC54286A548A009DDACE /* CategoryHome.swift */,
				98F7EC57286A5673009DDACE /* CategoryRow.swift */,
				98F7EC5A286A57C0009DDACE /* CategoryItem.swift */,
			);
			path = Categories;
			sourceTree = "<group>";
		};
		98F7EC6A286A605C009DDACE /* Profiles */ = {
			isa = PBXGroup;
			children = (
				98F7EC61286A5C8A009DDACE /* ProfileHost.swift */,
				98F7EC64286A5CD7009DDACE /* ProfileSummary.swift */,
				9880472F286A62C8009B9ECD /* ProfileEditor.swift */,
			);
			path = Profiles;
			sourceTree = "<group>";
		};
/* End PBXGroup section */

/* Begin PBXNativeTarget section */
		98699A032869B1B7002CB529 /* TurtleRock (iOS) */ = {
			isa = PBXNativeTarget;
			buildConfigurationList = 98699A2D2869B1B7002CB529 /* Build configuration list for PBXNativeTarget "TurtleRock (iOS)" */;
			buildPhases = (
				98699A002869B1B7002CB529 /* Sources */,
				98699A012869B1B7002CB529 /* Frameworks */,
				98699A022869B1B7002CB529 /* Resources */,
			);
			buildRules = (
			);
			dependencies = (
			);
			name = "TurtleRock (iOS)";
			productName = "TurtleRock (iOS)";
			productReference = 98699A042869B1B7002CB529 /* TurtleRock.app */;
			productType = "com.apple.product-type.application";
		};
		98699A092869B1B7002CB529 /* TurtleRock (macOS) */ = {
			isa = PBXNativeTarget;
			buildConfigurationList = 98699A302869B1B7002CB529 /* Build configuration list for PBXNativeTarget "TurtleRock (macOS)" */;
			buildPhases = (
				98699A062869B1B7002CB529 /* Sources */,
				98699A072869B1B7002CB529 /* Frameworks */,
				98699A082869B1B7002CB529 /* Resources */,
			);
			buildRules = (
			);
			dependencies = (
			);
			name = "TurtleRock (macOS)";
			productName = "TurtleRock (macOS)";
			productReference = 98699A0A2869B1B7002CB529 /* TurtleRock.app */;
			productType = "com.apple.product-type.application";
		};
		98699A102869B1B7002CB529 /* Tests iOS */ = {
			isa = PBXNativeTarget;
			buildConfigurationList = 98699A332869B1B7002CB529 /* Build configuration list for PBXNativeTarget "Tests iOS" */;
			buildPhases = (
				98699A0D2869B1B7002CB529 /* Sources */,
				98699A0E2869B1B7002CB529 /* Frameworks */,
				98699A0F2869B1B7002CB529 /* Resources */,
			);
			buildRules = (
			);
			dependencies = (
				98699A132869B1B7002CB529 /* PBXTargetDependency */,
			);
			name = "Tests iOS";
			productName = "Tests iOS";
			productReference = 98699A112869B1B7002CB529 /* Tests iOS.xctest */;
			productType = "com.apple.product-type.bundle.ui-testing";
		};
		98699A1C2869B1B7002CB529 /* Tests macOS */ = {
			isa = PBXNativeTarget;
			buildConfigurationList = 98699A362869B1B7002CB529 /* Build configuration list for PBXNativeTarget "Tests macOS" */;
			buildPhases = (
				98699A192869B1B7002CB529 /* Sources */,
				98699A1A2869B1B7002CB529 /* Frameworks */,
				98699A1B2869B1B7002CB529 /* Resources */,
			);
			buildRules = (
			);
			dependencies = (
				98699A1F2869B1B7002CB529 /* PBXTargetDependency */,
			);
			name = "Tests macOS";
			productName = "Tests macOS";
			productReference = 98699A1D2869B1B7002CB529 /* Tests macOS.xctest */;
			productType = "com.apple.product-type.bundle.ui-testing";
		};
/* End PBXNativeTarget section */

/* Begin PBXProject section */
		986999F82869B1B7002CB529 /* Project object */ = {
			isa = PBXProject;
			attributes = {
				BuildIndependentTargetsInParallel = 1;
				LastSwiftUpdateCheck = 1340;
				LastUpgradeCheck = 1340;
				TargetAttributes = {
					98699A032869B1B7002CB529 = {
						CreatedOnToolsVersion = 13.4.1;
					};
					98699A092869B1B7002CB529 = {
						CreatedOnToolsVersion = 13.4.1;
					};
					98699A102869B1B7002CB529 = {
						CreatedOnToolsVersion = 13.4.1;
						TestTargetID = 98699A032869B1B7002CB529;
					};
					98699A1C2869B1B7002CB529 = {
						CreatedOnToolsVersion = 13.4.1;
						TestTargetID = 98699A092869B1B7002CB529;
					};
				};
			};
			buildConfigurationList = 986999FB2869B1B7002CB529 /* Build configuration list for PBXProject "TurtleRock" */;
			compatibilityVersion = "Xcode 13.0";
			developmentRegion = en;
			hasScannedForEncodings = 0;
			knownRegions = (
				en,
				Base,
			);
			mainGroup = 986999F72869B1B7002CB529;
			productRefGroup = 98699A052869B1B7002CB529 /* Products */;
			projectDirPath = "";
			projectRoot = "";
			targets = (
				98699A032869B1B7002CB529 /* TurtleRock (iOS) */,
				98699A092869B1B7002CB529 /* TurtleRock (macOS) */,
				98699A102869B1B7002CB529 /* Tests iOS */,
				98699A1C2869B1B7002CB529 /* Tests macOS */,
			);
		};
/* End PBXProject section */

/* Begin PBXResourcesBuildPhase section */
		98699A022869B1B7002CB529 /* Resources */ = {
			isa = PBXResourcesBuildPhase;
			buildActionMask = 2147483647;
			files = (
				98699A292869B1B7002CB529 /* Assets.xcassets in Resources */,
				98C47A8D2869EBFC00D99283 /* hikeData.json in Resources */,
				9893C8442869BC31006D2456 /* landmarkData.json in Resources */,
			);
			runOnlyForDeploymentPostprocessing = 0;
		};
		98699A082869B1B7002CB529 /* Resources */ = {
			isa = PBXResourcesBuildPhase;
			buildActionMask = 2147483647;
			files = (
				98699A2A2869B1B7002CB529 /* Assets.xcassets in Resources */,
				98C47A8E2869EBFC00D99283 /* hikeData.json in Resources */,
				9893C8452869BC31006D2456 /* landmarkData.json in Resources */,
			);
			runOnlyForDeploymentPostprocessing = 0;
		};
		98699A0F2869B1B7002CB529 /* Resources */ = {
			isa = PBXResourcesBuildPhase;
			buildActionMask = 2147483647;
			files = (
			);
			runOnlyForDeploymentPostprocessing = 0;
		};
		98699A1B2869B1B7002CB529 /* Resources */ = {
			isa = PBXResourcesBuildPhase;
			buildActionMask = 2147483647;
			files = (
			);
			runOnlyForDeploymentPostprocessing = 0;
		};
/* End PBXResourcesBuildPhase section */

/* Begin PBXSourcesBuildPhase section */
		98699A002869B1B7002CB529 /* Sources */ = {
			isa = PBXSourcesBuildPhase;
			buildActionMask = 2147483647;
			files = (
				98F7EC58286A5673009DDACE /* CategoryRow.swift in Sources */,
				98F7EC68286A5E26009DDACE /* HikesBadge.swift in Sources */,
				98F7EC5E286A5B66009DDACE /* Profile.swift in Sources */,
				98699A272869B1B7002CB529 /* ContentView.swift in Sources */,
				98F7EC55286A548A009DDACE /* CategoryHome.swift in Sources */,
				98C47A9C2869ED3200D99283 /* HikeGraph.swift in Sources */,
				98A608DA2869E65400826AF8 /* Badge.swift in Sources */,
				98699A3D2869B882002CB529 /* MapView.swift in Sources */,
				98C47A9A2869ED3200D99283 /* GraphCapsule.swift in Sources */,
				98699A252869B1B7002CB529 /* TurtleRockApp.swift in Sources */,
				98A7B94D2869D14800C80569 /* FavoriteButton.swift in Sources */,
				98F7EC5B286A57C0009DDACE /* CategoryItem.swift in Sources */,
				98C47A9E2869ED3200D99283 /* HikeDetail.swift in Sources */,
				98F7EC65286A5CD7009DDACE /* ProfileSummary.swift in Sources */,
				98A7B9552869D50600C80569 /* HexagonParameters.swift in Sources */,
				98F7EC62286A5C8A009DDACE /* ProfileHost.swift in Sources */,
				98C47A902869EC2300D99283 /* Hike.swift in Sources */,
				98E8A7FC2869E5C800ED8E8C /* RotatedBadgeSymbol.swift in Sources */,
				98804730286A62C8009B9ECD /* ProfileEditor.swift in Sources */,
				98E8A7F92869E50A00ED8E8C /* BadgeSymbol.swift in Sources */,
				987594DE2869C39F00CEBD6F /* LandmarkList.swift in Sources */,
				98C47AA02869ED3200D99283 /* HikeView.swift in Sources */,
				987594E12869C4C500CEBD6F /* LandmarkDetail.swift in Sources */,
				98A7B9582869D5C600C80569 /* BadgeBackground.swift in Sources */,
				98699A3A2869B7C9002CB529 /* CircleImage.swift in Sources */,
				9893C8472869BC56006D2456 /* Landmark.swift in Sources */,
				987594DB2869C1EA00CEBD6F /* LandmarkRow.swift in Sources */,
				9893C84A2869BE13006D2456 /* ModelData.swift in Sources */,
			);
			runOnlyForDeploymentPostprocessing = 0;
		};
		98699A062869B1B7002CB529 /* Sources */ = {
			isa = PBXSourcesBuildPhase;
			buildActionMask = 2147483647;
			files = (
				98F7EC59286A5673009DDACE /* CategoryRow.swift in Sources */,
				98F7EC69286A5E27009DDACE /* HikesBadge.swift in Sources */,
				98F7EC5F286A5B66009DDACE /* Profile.swift in Sources */,
				98699A282869B1B7002CB529 /* ContentView.swift in Sources */,
				98F7EC56286A548A009DDACE /* CategoryHome.swift in Sources */,
				98C47A9D2869ED3200D99283 /* HikeGraph.swift in Sources */,
				98A608DB2869E65400826AF8 /* Badge.swift in Sources */,
				98699A3E2869B882002CB529 /* MapView.swift in Sources */,
				98C47A9B2869ED3200D99283 /* GraphCapsule.swift in Sources */,
				98699A262869B1B7002CB529 /* TurtleRockApp.swift in Sources */,
				98A7B94E2869D14800C80569 /* FavoriteButton.swift in Sources */,
				98F7EC5C286A57C0009DDACE /* CategoryItem.swift in Sources */,
				98C47A9F2869ED3200D99283 /* HikeDetail.swift in Sources */,
				98F7EC66286A5CD7009DDACE /* ProfileSummary.swift in Sources */,
				98A7B9562869D50600C80569 /* HexagonParameters.swift in Sources */,
				98F7EC63286A5C8A009DDACE /* ProfileHost.swift in Sources */,
				98C47A912869EC2300D99283 /* Hike.swift in Sources */,
				98E8A7FD2869E5C800ED8E8C /* RotatedBadgeSymbol.swift in Sources */,
				98804731286A62C8009B9ECD /* ProfileEditor.swift in Sources */,
				98E8A7FA2869E50A00ED8E8C /* BadgeSymbol.swift in Sources */,
				987594DF2869C39F00CEBD6F /* LandmarkList.swift in Sources */,
				98C47AA12869ED3200D99283 /* HikeView.swift in Sources */,
				987594E22869C4C500CEBD6F /* LandmarkDetail.swift in Sources */,
				98A7B9592869D5C600C80569 /* BadgeBackground.swift in Sources */,
				98699A3B2869B7CA002CB529 /* CircleImage.swift in Sources */,
				9893C8482869BC56006D2456 /* Landmark.swift in Sources */,
				987594DC2869C1EA00CEBD6F /* LandmarkRow.swift in Sources */,
				9893C84B2869BE13006D2456 /* ModelData.swift in Sources */,
			);
			runOnlyForDeploymentPostprocessing = 0;
		};
		98699A0D2869B1B7002CB529 /* Sources */ = {
			isa = PBXSourcesBuildPhase;
			buildActionMask = 2147483647;
			files = (
				98699A182869B1B7002CB529 /* Tests_iOSLaunchTests.swift in Sources */,
				98699A162869B1B7002CB529 /* Tests_iOS.swift in Sources */,
			);
			runOnlyForDeploymentPostprocessing = 0;
		};
		98699A192869B1B7002CB529 /* Sources */ = {
			isa = PBXSourcesBuildPhase;
			buildActionMask = 2147483647;
			files = (
				98699A242869B1B7002CB529 /* Tests_macOSLaunchTests.swift in Sources */,
				98699A222869B1B7002CB529 /* Tests_macOS.swift in Sources */,
			);
			runOnlyForDeploymentPostprocessing = 0;
		};
/* End PBXSourcesBuildPhase section */

/* Begin PBXTargetDependency section */
		98699A132869B1B7002CB529 /* PBXTargetDependency */ = {
			isa = PBXTargetDependency;
			target = 98699A032869B1B7002CB529 /* TurtleRock (iOS) */;
			targetProxy = 98699A122869B1B7002CB529 /* PBXContainerItemProxy */;
		};
		98699A1F2869B1B7002CB529 /* PBXTargetDependency */ = {
			isa = PBXTargetDependency;
			target = 98699A092869B1B7002CB529 /* TurtleRock (macOS) */;
			targetProxy = 98699A1E2869B1B7002CB529 /* PBXContainerItemProxy */;
		};
/* End PBXTargetDependency section */

/* Begin XCBuildConfiguration section */
		98699A2B2869B1B7002CB529 /* Debug */ = {
			isa = XCBuildConfiguration;
			buildSettings = {
				ALWAYS_SEARCH_USER_PATHS = NO;
				CLANG_ANALYZER_NONNULL = YES;
				CLANG_ANALYZER_NUMBER_OBJECT_CONVERSION = YES_AGGRESSIVE;
				CLANG_CXX_LANGUAGE_STANDARD = "gnu++17";
				CLANG_ENABLE_MODULES = YES;
				CLANG_ENABLE_OBJC_ARC = YES;
				CLANG_ENABLE_OBJC_WEAK = YES;
				CLANG_WARN_BLOCK_CAPTURE_AUTORELEASING = YES;
				CLANG_WARN_BOOL_CONVERSION = YES;
				CLANG_WARN_COMMA = YES;
				CLANG_WARN_CONSTANT_CONVERSION = YES;
				CLANG_WARN_DEPRECATED_OBJC_IMPLEMENTATIONS = YES;
				CLANG_WARN_DIRECT_OBJC_ISA_USAGE = YES_ERROR;
				CLANG_WARN_DOCUMENTATION_COMMENTS = YES;
				CLANG_WARN_EMPTY_BODY = YES;
				CLANG_WARN_ENUM_CONVERSION = YES;
				CLANG_WARN_INFINITE_RECURSION = YES;
				CLANG_WARN_INT_CONVERSION = YES;
				CLANG_WARN_NON_LITERAL_NULL_CONVERSION = YES;
				CLANG_WARN_OBJC_IMPLICIT_RETAIN_SELF = YES;
				CLANG_WARN_OBJC_LITERAL_CONVERSION = YES;
				CLANG_WARN_OBJC_ROOT_CLASS = YES_ERROR;
				CLANG_WARN_QUOTED_INCLUDE_IN_FRAMEWORK_HEADER = YES;
				CLANG_WARN_RANGE_LOOP_ANALYSIS = YES;
				CLANG_WARN_STRICT_PROTOTYPES = YES;
				CLANG_WARN_SUSPICIOUS_MOVE = YES;
				CLANG_WARN_UNGUARDED_AVAILABILITY = YES_AGGRESSIVE;
				CLANG_WARN_UNREACHABLE_CODE = YES;
				CLANG_WARN__DUPLICATE_METHOD_MATCH = YES;
				COPY_PHASE_STRIP = NO;
				DEBUG_INFORMATION_FORMAT = dwarf;
				ENABLE_STRICT_OBJC_MSGSEND = YES;
				ENABLE_TESTABILITY = YES;
				GCC_C_LANGUAGE_STANDARD = gnu11;
				GCC_DYNAMIC_NO_PIC = NO;
				GCC_NO_COMMON_BLOCKS = YES;
				GCC_OPTIMIZATION_LEVEL = 0;
				GCC_PREPROCESSOR_DEFINITIONS = (
					"DEBUG=1",
					"$(inherited)",
				);
				GCC_WARN_64_TO_32_BIT_CONVERSION = YES;
				GCC_WARN_ABOUT_RETURN_TYPE = YES_ERROR;
				GCC_WARN_UNDECLARED_SELECTOR = YES;
				GCC_WARN_UNINITIALIZED_AUTOS = YES_AGGRESSIVE;
				GCC_WARN_UNUSED_FUNCTION = YES;
				GCC_WARN_UNUSED_VARIABLE = YES;
				MTL_ENABLE_DEBUG_INFO = INCLUDE_SOURCE;
				MTL_FAST_MATH = YES;
				ONLY_ACTIVE_ARCH = YES;
				SWIFT_ACTIVE_COMPILATION_CONDITIONS = DEBUG;
				SWIFT_OPTIMIZATION_LEVEL = "-Onone";
			};
			name = Debug;
		};
		98699A2C2869B1B7002CB529 /* Release */ = {
			isa = XCBuildConfiguration;
			buildSettings = {
				ALWAYS_SEARCH_USER_PATHS = NO;
				CLANG_ANALYZER_NONNULL = YES;
				CLANG_ANALYZER_NUMBER_OBJECT_CONVERSION = YES_AGGRESSIVE;
				CLANG_CXX_LANGUAGE_STANDARD = "gnu++17";
				CLANG_ENABLE_MODULES = YES;
				CLANG_ENABLE_OBJC_ARC = YES;
				CLANG_ENABLE_OBJC_WEAK = YES;
				CLANG_WARN_BLOCK_CAPTURE_AUTORELEASING = YES;
				CLANG_WARN_BOOL_CONVERSION = YES;
				CLANG_WARN_COMMA = YES;
				CLANG_WARN_CONSTANT_CONVERSION = YES;
				CLANG_WARN_DEPRECATED_OBJC_IMPLEMENTATIONS = YES;
				CLANG_WARN_DIRECT_OBJC_ISA_USAGE = YES_ERROR;
				CLANG_WARN_DOCUMENTATION_COMMENTS = YES;
				CLANG_WARN_EMPTY_BODY = YES;
				CLANG_WARN_ENUM_CONVERSION = YES;
				CLANG_WARN_INFINITE_RECURSION = YES;
				CLANG_WARN_INT_CONVERSION = YES;
				CLANG_WARN_NON_LITERAL_NULL_CONVERSION = YES;
				CLANG_WARN_OBJC_IMPLICIT_RETAIN_SELF = YES;
				CLANG_WARN_OBJC_LITERAL_CONVERSION = YES;
				CLANG_WARN_OBJC_ROOT_CLASS = YES_ERROR;
				CLANG_WARN_QUOTED_INCLUDE_IN_FRAMEWORK_HEADER = YES;
				CLANG_WARN_RANGE_LOOP_ANALYSIS = YES;
				CLANG_WARN_STRICT_PROTOTYPES = YES;
				CLANG_WARN_SUSPICIOUS_MOVE = YES;
				CLANG_WARN_UNGUARDED_AVAILABILITY = YES_AGGRESSIVE;
				CLANG_WARN_UNREACHABLE_CODE = YES;
				CLANG_WARN__DUPLICATE_METHOD_MATCH = YES;
				COPY_PHASE_STRIP = NO;
				DEBUG_INFORMATION_FORMAT = "dwarf-with-dsym";
				ENABLE_NS_ASSERTIONS = NO;
				ENABLE_STRICT_OBJC_MSGSEND = YES;
				GCC_C_LANGUAGE_STANDARD = gnu11;
				GCC_NO_COMMON_BLOCKS = YES;
				GCC_WARN_64_TO_32_BIT_CONVERSION = YES;
				GCC_WARN_ABOUT_RETURN_TYPE = YES_ERROR;
				GCC_WARN_UNDECLARED_SELECTOR = YES;
				GCC_WARN_UNINITIALIZED_AUTOS = YES_AGGRESSIVE;
				GCC_WARN_UNUSED_FUNCTION = YES;
				GCC_WARN_UNUSED_VARIABLE = YES;
				MTL_ENABLE_DEBUG_INFO = NO;
				MTL_FAST_MATH = YES;
				SWIFT_COMPILATION_MODE = wholemodule;
				SWIFT_OPTIMIZATION_LEVEL = "-O";
			};
			name = Release;
		};
		98699A2E2869B1B7002CB529 /* Debug */ = {
			isa = XCBuildConfiguration;
			buildSettings = {
				ASSETCATALOG_COMPILER_APPICON_NAME = AppIcon;
				ASSETCATALOG_COMPILER_GLOBAL_ACCENT_COLOR_NAME = AccentColor;
				CODE_SIGN_STYLE = Automatic;
				CURRENT_PROJECT_VERSION = 1;
				ENABLE_PREVIEWS = YES;
				GENERATE_INFOPLIST_FILE = YES;
				INFOPLIST_KEY_UIApplicationSceneManifest_Generation = YES;
				INFOPLIST_KEY_UIApplicationSupportsIndirectInputEvents = YES;
				INFOPLIST_KEY_UILaunchScreen_Generation = YES;
				INFOPLIST_KEY_UISupportedInterfaceOrientations_iPad = "UIInterfaceOrientationPortrait UIInterfaceOrientationPortraitUpsideDown UIInterfaceOrientationLandscapeLeft UIInterfaceOrientationLandscapeRight";
				INFOPLIST_KEY_UISupportedInterfaceOrientations_iPhone = "UIInterfaceOrientationPortrait UIInterfaceOrientationLandscapeLeft UIInterfaceOrientationLandscapeRight";
				IPHONEOS_DEPLOYMENT_TARGET = 15.5;
				LD_RUNPATH_SEARCH_PATHS = (
					"$(inherited)",
					"@executable_path/Frameworks",
				);
				MARKETING_VERSION = 1.0;
				PRODUCT_BUNDLE_IDENTIFIER = dev.tomheaton.TurtleRock;
				PRODUCT_NAME = TurtleRock;
				SDKROOT = iphoneos;
				SWIFT_EMIT_LOC_STRINGS = YES;
				SWIFT_VERSION = 5.0;
				TARGETED_DEVICE_FAMILY = "1,2";
			};
			name = Debug;
		};
		98699A2F2869B1B7002CB529 /* Release */ = {
			isa = XCBuildConfiguration;
			buildSettings = {
				ASSETCATALOG_COMPILER_APPICON_NAME = AppIcon;
				ASSETCATALOG_COMPILER_GLOBAL_ACCENT_COLOR_NAME = AccentColor;
				CODE_SIGN_STYLE = Automatic;
				CURRENT_PROJECT_VERSION = 1;
				ENABLE_PREVIEWS = YES;
				GENERATE_INFOPLIST_FILE = YES;
				INFOPLIST_KEY_UIApplicationSceneManifest_Generation = YES;
				INFOPLIST_KEY_UIApplicationSupportsIndirectInputEvents = YES;
				INFOPLIST_KEY_UILaunchScreen_Generation = YES;
				INFOPLIST_KEY_UISupportedInterfaceOrientations_iPad = "UIInterfaceOrientationPortrait UIInterfaceOrientationPortraitUpsideDown UIInterfaceOrientationLandscapeLeft UIInterfaceOrientationLandscapeRight";
				INFOPLIST_KEY_UISupportedInterfaceOrientations_iPhone = "UIInterfaceOrientationPortrait UIInterfaceOrientationLandscapeLeft UIInterfaceOrientationLandscapeRight";
				IPHONEOS_DEPLOYMENT_TARGET = 15.5;
				LD_RUNPATH_SEARCH_PATHS = (
					"$(inherited)",
					"@executable_path/Frameworks",
				);
				MARKETING_VERSION = 1.0;
				PRODUCT_BUNDLE_IDENTIFIER = dev.tomheaton.TurtleRock;
				PRODUCT_NAME = TurtleRock;
				SDKROOT = iphoneos;
				SWIFT_EMIT_LOC_STRINGS = YES;
				SWIFT_VERSION = 5.0;
				TARGETED_DEVICE_FAMILY = "1,2";
				VALIDATE_PRODUCT = YES;
			};
			name = Release;
		};
		98699A312869B1B7002CB529 /* Debug */ = {
			isa = XCBuildConfiguration;
			buildSettings = {
				ASSETCATALOG_COMPILER_APPICON_NAME = AppIcon;
				ASSETCATALOG_COMPILER_GLOBAL_ACCENT_COLOR_NAME = AccentColor;
				CODE_SIGN_ENTITLEMENTS = macOS/macOS.entitlements;
				CODE_SIGN_STYLE = Automatic;
				COMBINE_HIDPI_IMAGES = YES;
				CURRENT_PROJECT_VERSION = 1;
				ENABLE_PREVIEWS = YES;
				GENERATE_INFOPLIST_FILE = YES;
				INFOPLIST_KEY_NSHumanReadableCopyright = "";
				LD_RUNPATH_SEARCH_PATHS = (
					"$(inherited)",
					"@executable_path/../Frameworks",
				);
				MACOSX_DEPLOYMENT_TARGET = 12.3;
				MARKETING_VERSION = 1.0;
				PRODUCT_BUNDLE_IDENTIFIER = dev.tomheaton.TurtleRock;
				PRODUCT_NAME = TurtleRock;
				SDKROOT = macosx;
				SWIFT_EMIT_LOC_STRINGS = YES;
				SWIFT_VERSION = 5.0;
			};
			name = Debug;
		};
		98699A322869B1B7002CB529 /* Release */ = {
			isa = XCBuildConfiguration;
			buildSettings = {
				ASSETCATALOG_COMPILER_APPICON_NAME = AppIcon;
				ASSETCATALOG_COMPILER_GLOBAL_ACCENT_COLOR_NAME = AccentColor;
				CODE_SIGN_ENTITLEMENTS = macOS/macOS.entitlements;
				CODE_SIGN_STYLE = Automatic;
				COMBINE_HIDPI_IMAGES = YES;
				CURRENT_PROJECT_VERSION = 1;
				ENABLE_PREVIEWS = YES;
				GENERATE_INFOPLIST_FILE = YES;
				INFOPLIST_KEY_NSHumanReadableCopyright = "";
				LD_RUNPATH_SEARCH_PATHS = (
					"$(inherited)",
					"@executable_path/../Frameworks",
				);
				MACOSX_DEPLOYMENT_TARGET = 12.3;
				MARKETING_VERSION = 1.0;
				PRODUCT_BUNDLE_IDENTIFIER = dev.tomheaton.TurtleRock;
				PRODUCT_NAME = TurtleRock;
				SDKROOT = macosx;
				SWIFT_EMIT_LOC_STRINGS = YES;
				SWIFT_VERSION = 5.0;
			};
			name = Release;
		};
		98699A342869B1B7002CB529 /* Debug */ = {
			isa = XCBuildConfiguration;
			buildSettings = {
				ALWAYS_EMBED_SWIFT_STANDARD_LIBRARIES = YES;
				CODE_SIGN_STYLE = Automatic;
				CURRENT_PROJECT_VERSION = 1;
				GENERATE_INFOPLIST_FILE = YES;
				IPHONEOS_DEPLOYMENT_TARGET = 15.5;
				MARKETING_VERSION = 1.0;
				PRODUCT_BUNDLE_IDENTIFIER = "dev.tomheaton.Tests-iOS";
				PRODUCT_NAME = "$(TARGET_NAME)";
				SDKROOT = iphoneos;
				SWIFT_EMIT_LOC_STRINGS = NO;
				SWIFT_VERSION = 5.0;
				TARGETED_DEVICE_FAMILY = "1,2";
				TEST_TARGET_NAME = "TurtleRock (iOS)";
			};
			name = Debug;
		};
		98699A352869B1B7002CB529 /* Release */ = {
			isa = XCBuildConfiguration;
			buildSettings = {
				ALWAYS_EMBED_SWIFT_STANDARD_LIBRARIES = YES;
				CODE_SIGN_STYLE = Automatic;
				CURRENT_PROJECT_VERSION = 1;
				GENERATE_INFOPLIST_FILE = YES;
				IPHONEOS_DEPLOYMENT_TARGET = 15.5;
				MARKETING_VERSION = 1.0;
				PRODUCT_BUNDLE_IDENTIFIER = "dev.tomheaton.Tests-iOS";
				PRODUCT_NAME = "$(TARGET_NAME)";
				SDKROOT = iphoneos;
				SWIFT_EMIT_LOC_STRINGS = NO;
				SWIFT_VERSION = 5.0;
				TARGETED_DEVICE_FAMILY = "1,2";
				TEST_TARGET_NAME = "TurtleRock (iOS)";
				VALIDATE_PRODUCT = YES;
			};
			name = Release;
		};
		98699A372869B1B7002CB529 /* Debug */ = {
			isa = XCBuildConfiguration;
			buildSettings = {
				ALWAYS_EMBED_SWIFT_STANDARD_LIBRARIES = YES;
				CODE_SIGN_STYLE = Automatic;
				CURRENT_PROJECT_VERSION = 1;
				GENERATE_INFOPLIST_FILE = YES;
				MACOSX_DEPLOYMENT_TARGET = 12.3;
				MARKETING_VERSION = 1.0;
				PRODUCT_BUNDLE_IDENTIFIER = "dev.tomheaton.Tests-macOS";
				PRODUCT_NAME = "$(TARGET_NAME)";
				SDKROOT = macosx;
				SWIFT_EMIT_LOC_STRINGS = NO;
				SWIFT_VERSION = 5.0;
				TEST_TARGET_NAME = "TurtleRock (macOS)";
			};
			name = Debug;
		};
		98699A382869B1B7002CB529 /* Release */ = {
			isa = XCBuildConfiguration;
			buildSettings = {
				ALWAYS_EMBED_SWIFT_STANDARD_LIBRARIES = YES;
				CODE_SIGN_STYLE = Automatic;
				CURRENT_PROJECT_VERSION = 1;
				GENERATE_INFOPLIST_FILE = YES;
				MACOSX_DEPLOYMENT_TARGET = 12.3;
				MARKETING_VERSION = 1.0;
				PRODUCT_BUNDLE_IDENTIFIER = "dev.tomheaton.Tests-macOS";
				PRODUCT_NAME = "$(TARGET_NAME)";
				SDKROOT = macosx;
				SWIFT_EMIT_LOC_STRINGS = NO;
				SWIFT_VERSION = 5.0;
				TEST_TARGET_NAME = "TurtleRock (macOS)";
			};
			name = Release;
		};
/* End XCBuildConfiguration section */

/* Begin XCConfigurationList section */
		986999FB2869B1B7002CB529 /* Build configuration list for PBXProject "TurtleRock" */ = {
			isa = XCConfigurationList;
			buildConfigurations = (
				98699A2B2869B1B7002CB529 /* Debug */,
				98699A2C2869B1B7002CB529 /* Release */,
			);
			defaultConfigurationIsVisible = 0;
			defaultConfigurationName = Release;
		};
		98699A2D2869B1B7002CB529 /* Build configuration list for PBXNativeTarget "TurtleRock (iOS)" */ = {
			isa = XCConfigurationList;
			buildConfigurations = (
				98699A2E2869B1B7002CB529 /* Debug */,
				98699A2F2869B1B7002CB529 /* Release */,
			);
			defaultConfigurationIsVisible = 0;
			defaultConfigurationName = Release;
		};
		98699A302869B1B7002CB529 /* Build configuration list for PBXNativeTarget "TurtleRock (macOS)" */ = {
			isa = XCConfigurationList;
			buildConfigurations = (
				98699A312869B1B7002CB529 /* Debug */,
				98699A322869B1B7002CB529 /* Release */,
			);
			defaultConfigurationIsVisible = 0;
			defaultConfigurationName = Release;
		};
		98699A332869B1B7002CB529 /* Build configuration list for PBXNativeTarget "Tests iOS" */ = {
			isa = XCConfigurationList;
			buildConfigurations = (
				98699A342869B1B7002CB529 /* Debug */,
				98699A352869B1B7002CB529 /* Release */,
			);
			defaultConfigurationIsVisible = 0;
			defaultConfigurationName = Release;
		};
		98699A362869B1B7002CB529 /* Build configuration list for PBXNativeTarget "Tests macOS" */ = {
			isa = XCConfigurationList;
			buildConfigurations = (
				98699A372869B1B7002CB529 /* Debug */,
				98699A382869B1B7002CB529 /* Release */,
			);
			defaultConfigurationIsVisible = 0;
			defaultConfigurationName = Release;
		};
/* End XCConfigurationList section */
	};
	rootObject = 986999F82869B1B7002CB529 /* Project object */;
}
